
Microsoft Visual Studio Solution File, Format Version 12.00
# Visual Studio Version 16
VisualStudioVersion = 16.0.30011.22
MinimumVisualStudioVersion = 10.0.40219.1
Project("{FAE04EC0-301F-11D3-BF4B-00C04F79EFBC}") = "TodoApi", "TodoApi.csproj", "{8E94A71A-2E0F-4A4B-AF5E-6FB539276A1D}"
EndProject
Global
	GlobalSection(SolutionConfigurationPlatforms) = preSolution
		Debug|Any CPU = Debug|Any CPU
		Release|Any CPU = Release|Any CPU
	EndGlobalSection
	GlobalSection(ProjectConfigurationPlatforms) = postSolution
		{8E94A71A-2E0F-4A4B-AF5E-6FB539276A1D}.Debug|Any CPU.ActiveCfg = Debug|Any CPU
		{8E94A71A-2E0F-4A4B-AF5E-6FB539276A1D}.Debug|Any CPU.Build.0 = Debug|Any CPU
		{8E94A71A-2E0F-4A4B-AF5E-6FB539276A1D}.Release|Any CPU.ActiveCfg = Release|Any CPU
		{8E94A71A-2E0F-4A4B-AF5E-6FB539276A1D}.Release|Any CPU.Build.0 = Release|Any CPU
	EndGlobalSection
	GlobalSection(SolutionProperties) = preSolution
		HideSolutionNode = FALSE
	EndGlobalSection
	GlobalSection(ExtensibilityGlobals) = postSolution
		SolutionGuid = {1EF465CD-B393-43EC-B619-FBAC1584766A}
	EndGlobalSection
EndGlobal
